// !$*UTF8*$!
{
	archiveVersion = 1;
	classes = {
	};
	objectVersion = 46;
	objects = {

/* Begin PBXBuildFile section */
		9BCDF7891B0E691500C71D8F /* main.m in Sources */ = {isa = PBXBuildFile; fileRef = 9BCDF7881B0E691500C71D8F /* main.m */; };
		9BCDF78C1B0E691500C71D8F /* AppDelegate.m in Sources */ = {isa = PBXBuildFile; fileRef = 9BCDF78B1B0E691500C71D8F /* AppDelegate.m */; };
		9BCDF78F1B0E691500C71D8F /* GameScene.m in Sources */ = {isa = PBXBuildFile; fileRef = 9BCDF78E1B0E691500C71D8F /* GameScene.m */; };
		9BCDF7941B0E691500C71D8F /* GameViewController.m in Sources */ = {isa = PBXBuildFile; fileRef = 9BCDF7931B0E691500C71D8F /* GameViewController.m */; };
		9BCDF7971B0E691500C71D8F /* Main.storyboard in Resources */ = {isa = PBXBuildFile; fileRef = 9BCDF7951B0E691500C71D8F /* Main.storyboard */; };
		9BCDF7991B0E691500C71D8F /* Images.xcassets in Resources */ = {isa = PBXBuildFile; fileRef = 9BCDF7981B0E691500C71D8F /* Images.xcassets */; };
		9BCDF79C1B0E691500C71D8F /* LaunchScreen.xib in Resources */ = {isa = PBXBuildFile; fileRef = 9BCDF79A1B0E691500C71D8F /* LaunchScreen.xib */; };
		9BCDF7A81B0E691500C71D8F /* SlingShotterTests.m in Sources */ = {isa = PBXBuildFile; fileRef = 9BCDF7A71B0E691500C71D8F /* SlingShotterTests.m */; };
		9BCDF7B31B0E7D0400C71D8F /* BadGuy.m in Sources */ = {isa = PBXBuildFile; fileRef = 9BCDF7B21B0E7D0400C71D8F /* BadGuy.m */; };
		9BCDF7B91B0E7D9900C71D8F /* SlingShot.m in Sources */ = {isa = PBXBuildFile; fileRef = 9BCDF7B81B0E7D9900C71D8F /* SlingShot.m */; };
		9BCDF7BC1B0E8A8100C71D8F /* Pebble.m in Sources */ = {isa = PBXBuildFile; fileRef = 9BCDF7BB1B0E8A8100C71D8F /* Pebble.m */; };
		9BCDF7C01B0EC6D900C71D8F /* Constants.m in Sources */ = {isa = PBXBuildFile; fileRef = 9BCDF7BF1B0EC6D900C71D8F /* Constants.m */; };
		9BCDF7C41B0EDCBC00C71D8F /* CollisionManager.m in Sources */ = {isa = PBXBuildFile; fileRef = 9BCDF7C31B0EDCBC00C71D8F /* CollisionManager.m */; };
		9BCDF7C81B0FF27600C71D8F /* ScoreNode.m in Sources */ = {isa = PBXBuildFile; fileRef = 9BCDF7C71B0FF27600C71D8F /* ScoreNode.m */; };
		9BCDF7CB1B10ED4100C71D8F /* GameOverViewController.m in Sources */ = {isa = PBXBuildFile; fileRef = 9BCDF7CA1B10ED4100C71D8F /* GameOverViewController.m */; };
		9BCDF7CF1B11186800C71D8F /* UserDefaults.m in Sources */ = {isa = PBXBuildFile; fileRef = 9BCDF7CE1B11186800C71D8F /* UserDefaults.m */; };
		9BCDF7D31B1255C900C71D8F /* SlingButton.m in Sources */ = {isa = PBXBuildFile; fileRef = 9BCDF7D21B1255C900C71D8F /* SlingButton.m */; };
		9BDA30071B17886C0039C8E7 /* IntroViewController.m in Sources */ = {isa = PBXBuildFile; fileRef = 9BDA30061B17886C0039C8E7 /* IntroViewController.m */; };
		9BF39F761B3488B800E26DCA /* GameKit.framework in Frameworks */ = {isa = PBXBuildFile; fileRef = 9BF39F751B3488B800E26DCA /* GameKit.framework */; };
		9BF39F7A1B3496FE00E26DCA /* GameCenterManager.m in Sources */ = {isa = PBXBuildFile; fileRef = 9BF39F791B3496FE00E26DCA /* GameCenterManager.m */; };
		9BF39F7E1B350D9700E26DCA /* LeaderBoardViewController.m in Sources */ = {isa = PBXBuildFile; fileRef = 9BF39F7D1B350D9700E26DCA /* LeaderBoardViewController.m */; };
		9BF39F851B352B1900E26DCA /* LeaderBoardTableViewCell.m in Sources */ = {isa = PBXBuildFile; fileRef = 9BF39F841B352B1900E26DCA /* LeaderBoardTableViewCell.m */; };
/* End PBXBuildFile section */

/* Begin PBXContainerItemProxy section */
		9BCDF7A21B0E691500C71D8F /* PBXContainerItemProxy */ = {
			isa = PBXContainerItemProxy;
			containerPortal = 9BCDF77B1B0E691500C71D8F /* Project object */;
			proxyType = 1;
			remoteGlobalIDString = 9BCDF7821B0E691500C71D8F;
			remoteInfo = SlingShotter;
		};
/* End PBXContainerItemProxy section */

/* Begin PBXFileReference section */
		9BCDF7831B0E691500C71D8F /* SlingShotter.app */ = {isa = PBXFileReference; explicitFileType = wrapper.application; includeInIndex = 0; path = SlingShotter.app; sourceTree = BUILT_PRODUCTS_DIR; };
		9BCDF7871B0E691500C71D8F /* Info.plist */ = {isa = PBXFileReference; lastKnownFileType = text.plist.xml; path = Info.plist; sourceTree = "<group>"; };
		9BCDF7881B0E691500C71D8F /* main.m */ = {isa = PBXFileReference; lastKnownFileType = sourcecode.c.objc; path = main.m; sourceTree = "<group>"; };
		9BCDF78A1B0E691500C71D8F /* AppDelegate.h */ = {isa = PBXFileReference; lastKnownFileType = sourcecode.c.h; path = AppDelegate.h; sourceTree = "<group>"; };
		9BCDF78B1B0E691500C71D8F /* AppDelegate.m */ = {isa = PBXFileReference; lastKnownFileType = sourcecode.c.objc; path = AppDelegate.m; sourceTree = "<group>"; };
		9BCDF78D1B0E691500C71D8F /* GameScene.h */ = {isa = PBXFileReference; lastKnownFileType = sourcecode.c.h; path = GameScene.h; sourceTree = "<group>"; };
		9BCDF78E1B0E691500C71D8F /* GameScene.m */ = {isa = PBXFileReference; lastKnownFileType = sourcecode.c.objc; path = GameScene.m; sourceTree = "<group>"; };
		9BCDF7921B0E691500C71D8F /* GameViewController.h */ = {isa = PBXFileReference; lastKnownFileType = sourcecode.c.h; path = GameViewController.h; sourceTree = "<group>"; };
		9BCDF7931B0E691500C71D8F /* GameViewController.m */ = {isa = PBXFileReference; lastKnownFileType = sourcecode.c.objc; path = GameViewController.m; sourceTree = "<group>"; };
		9BCDF7961B0E691500C71D8F /* Base */ = {isa = PBXFileReference; lastKnownFileType = file.storyboard; name = Base; path = Base.lproj/Main.storyboard; sourceTree = "<group>"; };
		9BCDF7981B0E691500C71D8F /* Images.xcassets */ = {isa = PBXFileReference; lastKnownFileType = folder.assetcatalog; path = Images.xcassets; sourceTree = "<group>"; };
		9BCDF79B1B0E691500C71D8F /* Base */ = {isa = PBXFileReference; lastKnownFileType = file.xib; name = Base; path = Base.lproj/LaunchScreen.xib; sourceTree = "<group>"; };
		9BCDF7A11B0E691500C71D8F /* SlingShotterTests.xctest */ = {isa = PBXFileReference; explicitFileType = wrapper.cfbundle; includeInIndex = 0; path = SlingShotterTests.xctest; sourceTree = BUILT_PRODUCTS_DIR; };
		9BCDF7A61B0E691500C71D8F /* Info.plist */ = {isa = PBXFileReference; lastKnownFileType = text.plist.xml; path = Info.plist; sourceTree = "<group>"; };
		9BCDF7A71B0E691500C71D8F /* SlingShotterTests.m */ = {isa = PBXFileReference; lastKnownFileType = sourcecode.c.objc; path = SlingShotterTests.m; sourceTree = "<group>"; };
		9BCDF7B11B0E7D0400C71D8F /* BadGuy.h */ = {isa = PBXFileReference; fileEncoding = 4; lastKnownFileType = sourcecode.c.h; path = BadGuy.h; sourceTree = "<group>"; };
		9BCDF7B21B0E7D0400C71D8F /* BadGuy.m */ = {isa = PBXFileReference; fileEncoding = 4; lastKnownFileType = sourcecode.c.objc; path = BadGuy.m; sourceTree = "<group>"; };
		9BCDF7B71B0E7D9900C71D8F /* SlingShot.h */ = {isa = PBXFileReference; fileEncoding = 4; lastKnownFileType = sourcecode.c.h; path = SlingShot.h; sourceTree = "<group>"; };
		9BCDF7B81B0E7D9900C71D8F /* SlingShot.m */ = {isa = PBXFileReference; fileEncoding = 4; lastKnownFileType = sourcecode.c.objc; path = SlingShot.m; sourceTree = "<group>"; };
		9BCDF7BA1B0E8A8100C71D8F /* Pebble.h */ = {isa = PBXFileReference; fileEncoding = 4; lastKnownFileType = sourcecode.c.h; path = Pebble.h; sourceTree = "<group>"; };
		9BCDF7BB1B0E8A8100C71D8F /* Pebble.m */ = {isa = PBXFileReference; fileEncoding = 4; lastKnownFileType = sourcecode.c.objc; path = Pebble.m; sourceTree = "<group>"; };
		9BCDF7BE1B0EC6D900C71D8F /* Constants.h */ = {isa = PBXFileReference; fileEncoding = 4; lastKnownFileType = sourcecode.c.h; path = Constants.h; sourceTree = "<group>"; };
		9BCDF7BF1B0EC6D900C71D8F /* Constants.m */ = {isa = PBXFileReference; fileEncoding = 4; lastKnownFileType = sourcecode.c.objc; path = Constants.m; sourceTree = "<group>"; };
		9BCDF7C21B0EDCBC00C71D8F /* CollisionManager.h */ = {isa = PBXFileReference; fileEncoding = 4; lastKnownFileType = sourcecode.c.h; path = CollisionManager.h; sourceTree = "<group>"; };
		9BCDF7C31B0EDCBC00C71D8F /* CollisionManager.m */ = {isa = PBXFileReference; fileEncoding = 4; lastKnownFileType = sourcecode.c.objc; path = CollisionManager.m; sourceTree = "<group>"; };
		9BCDF7C61B0FF27600C71D8F /* ScoreNode.h */ = {isa = PBXFileReference; fileEncoding = 4; lastKnownFileType = sourcecode.c.h; path = ScoreNode.h; sourceTree = "<group>"; };
		9BCDF7C71B0FF27600C71D8F /* ScoreNode.m */ = {isa = PBXFileReference; fileEncoding = 4; lastKnownFileType = sourcecode.c.objc; path = ScoreNode.m; sourceTree = "<group>"; };
		9BCDF7C91B10ED4100C71D8F /* GameOverViewController.h */ = {isa = PBXFileReference; fileEncoding = 4; lastKnownFileType = sourcecode.c.h; path = GameOverViewController.h; sourceTree = "<group>"; };
		9BCDF7CA1B10ED4100C71D8F /* GameOverViewController.m */ = {isa = PBXFileReference; fileEncoding = 4; lastKnownFileType = sourcecode.c.objc; path = GameOverViewController.m; sourceTree = "<group>"; };
		9BCDF7CD1B11186800C71D8F /* UserDefaults.h */ = {isa = PBXFileReference; fileEncoding = 4; lastKnownFileType = sourcecode.c.h; path = UserDefaults.h; sourceTree = "<group>"; };
		9BCDF7CE1B11186800C71D8F /* UserDefaults.m */ = {isa = PBXFileReference; fileEncoding = 4; lastKnownFileType = sourcecode.c.objc; path = UserDefaults.m; sourceTree = "<group>"; };
		9BCDF7D11B1255C900C71D8F /* SlingButton.h */ = {isa = PBXFileReference; fileEncoding = 4; lastKnownFileType = sourcecode.c.h; path = SlingButton.h; sourceTree = "<group>"; };
		9BCDF7D21B1255C900C71D8F /* SlingButton.m */ = {isa = PBXFileReference; fileEncoding = 4; lastKnownFileType = sourcecode.c.objc; path = SlingButton.m; sourceTree = "<group>"; };
		9BDA30051B17886C0039C8E7 /* IntroViewController.h */ = {isa = PBXFileReference; fileEncoding = 4; lastKnownFileType = sourcecode.c.h; path = IntroViewController.h; sourceTree = "<group>"; };
		9BDA30061B17886C0039C8E7 /* IntroViewController.m */ = {isa = PBXFileReference; fileEncoding = 4; lastKnownFileType = sourcecode.c.objc; path = IntroViewController.m; sourceTree = "<group>"; };
		9BF39F751B3488B800E26DCA /* GameKit.framework */ = {isa = PBXFileReference; lastKnownFileType = wrapper.framework; name = GameKit.framework; path = System/Library/Frameworks/GameKit.framework; sourceTree = SDKROOT; };
		9BF39F781B3496FE00E26DCA /* GameCenterManager.h */ = {isa = PBXFileReference; fileEncoding = 4; lastKnownFileType = sourcecode.c.h; path = GameCenterManager.h; sourceTree = "<group>"; };
		9BF39F791B3496FE00E26DCA /* GameCenterManager.m */ = {isa = PBXFileReference; fileEncoding = 4; lastKnownFileType = sourcecode.c.objc; path = GameCenterManager.m; sourceTree = "<group>"; };
		9BF39F7C1B350D9700E26DCA /* LeaderBoardViewController.h */ = {isa = PBXFileReference; fileEncoding = 4; lastKnownFileType = sourcecode.c.h; path = LeaderBoardViewController.h; sourceTree = "<group>"; };
		9BF39F7D1B350D9700E26DCA /* LeaderBoardViewController.m */ = {isa = PBXFileReference; fileEncoding = 4; lastKnownFileType = sourcecode.c.objc; path = LeaderBoardViewController.m; sourceTree = "<group>"; };
		9BF39F831B352B1900E26DCA /* LeaderBoardTableViewCell.h */ = {isa = PBXFileReference; fileEncoding = 4; lastKnownFileType = sourcecode.c.h; path = LeaderBoardTableViewCell.h; sourceTree = "<group>"; };
		9BF39F841B352B1900E26DCA /* LeaderBoardTableViewCell.m */ = {isa = PBXFileReference; fileEncoding = 4; lastKnownFileType = sourcecode.c.objc; path = LeaderBoardTableViewCell.m; sourceTree = "<group>"; };
/* End PBXFileReference section */

/* Begin PBXFrameworksBuildPhase section */
		9BCDF7801B0E691500C71D8F /* Frameworks */ = {
			isa = PBXFrameworksBuildPhase;
			buildActionMask = 2147483647;
			files = (
				9BF39F761B3488B800E26DCA /* GameKit.framework in Frameworks */,
			);
			runOnlyForDeploymentPostprocessing = 0;
		};
		9BCDF79E1B0E691500C71D8F /* Frameworks */ = {
			isa = PBXFrameworksBuildPhase;
			buildActionMask = 2147483647;
			files = (
			);
			runOnlyForDeploymentPostprocessing = 0;
		};
/* End PBXFrameworksBuildPhase section */

/* Begin PBXGroup section */
		9BCDF77A1B0E691500C71D8F = {
			isa = PBXGroup;
			children = (
				9BCDF7851B0E691500C71D8F /* SlingShotter */,
				9BCDF7A41B0E691500C71D8F /* SlingShotterTests */,
				9BCDF7841B0E691500C71D8F /* Products */,
			);
			sourceTree = "<group>";
		};
		9BCDF7841B0E691500C71D8F /* Products */ = {
			isa = PBXGroup;
			children = (
				9BCDF7831B0E691500C71D8F /* SlingShotter.app */,
				9BCDF7A11B0E691500C71D8F /* SlingShotterTests.xctest */,
			);
			name = Products;
			sourceTree = "<group>";
		};
		9BCDF7851B0E691500C71D8F /* SlingShotter */ = {
			isa = PBXGroup;
			children = (
				9BF39F771B3496CB00E26DCA /* GameCenterManager */,
				9BCDF7D01B1255AF00C71D8F /* Buttons */,
				9BCDF7CC1B11184500C71D8F /* Utilities */,
				9BCDF7C51B0FF25300C71D8F /* Labels and such */,
				9BCDF7BD1B0EC6BE00C71D8F /* CollisionManager */,
				9BCDF7B61B0E7D3A00C71D8F /* ViewControllers */,
				9BCDF7B51B0E7D2800C71D8F /* Scenes */,
				9BCDF7B41B0E7D1200C71D8F /* Characters */,
				9BF39F7B1B34BD3200E26DCA /* Resources */,
				9BCDF7861B0E691500C71D8F /* Supporting Files */,
			);
			path = SlingShotter;
			sourceTree = "<group>";
		};
		9BCDF7861B0E691500C71D8F /* Supporting Files */ = {
			isa = PBXGroup;
			children = (
				9BCDF7871B0E691500C71D8F /* Info.plist */,
				9BCDF7881B0E691500C71D8F /* main.m */,
			);
			name = "Supporting Files";
			sourceTree = "<group>";
		};
		9BCDF7A41B0E691500C71D8F /* SlingShotterTests */ = {
			isa = PBXGroup;
			children = (
				9BCDF7A71B0E691500C71D8F /* SlingShotterTests.m */,
				9BCDF7A51B0E691500C71D8F /* Supporting Files */,
			);
			path = SlingShotterTests;
			sourceTree = "<group>";
		};
		9BCDF7A51B0E691500C71D8F /* Supporting Files */ = {
			isa = PBXGroup;
			children = (
				9BCDF7A61B0E691500C71D8F /* Info.plist */,
			);
			name = "Supporting Files";
			sourceTree = "<group>";
		};
		9BCDF7B41B0E7D1200C71D8F /* Characters */ = {
			isa = PBXGroup;
			children = (
				9BCDF7B11B0E7D0400C71D8F /* BadGuy.h */,
				9BCDF7B21B0E7D0400C71D8F /* BadGuy.m */,
				9BCDF7B71B0E7D9900C71D8F /* SlingShot.h */,
				9BCDF7B81B0E7D9900C71D8F /* SlingShot.m */,
				9BCDF7BA1B0E8A8100C71D8F /* Pebble.h */,
				9BCDF7BB1B0E8A8100C71D8F /* Pebble.m */,
			);
			name = Characters;
			sourceTree = "<group>";
		};
		9BCDF7B51B0E7D2800C71D8F /* Scenes */ = {
			isa = PBXGroup;
			children = (
				9BCDF78D1B0E691500C71D8F /* GameScene.h */,
				9BCDF78E1B0E691500C71D8F /* GameScene.m */,
			);
			name = Scenes;
			sourceTree = "<group>";
		};
		9BCDF7B61B0E7D3A00C71D8F /* ViewControllers */ = {
			isa = PBXGroup;
			children = (
				9BF39F811B3519DE00E26DCA /* IntroVC */,
				9BF39F821B3519F400E26DCA /* LeaderBoard */,
				9BF39F7F1B3519BF00E26DCA /* GameViewController */,
				9BF39F801B3519CF00E26DCA /* GameOverVC */,
			);
			name = ViewControllers;
			sourceTree = "<group>";
		};
		9BCDF7BD1B0EC6BE00C71D8F /* CollisionManager */ = {
			isa = PBXGroup;
			children = (
				9BCDF7C21B0EDCBC00C71D8F /* CollisionManager.h */,
				9BCDF7C31B0EDCBC00C71D8F /* CollisionManager.m */,
			);
			name = CollisionManager;
			sourceTree = "<group>";
		};
		9BCDF7C11B0EDC9F00C71D8F /* Constants */ = {
			isa = PBXGroup;
			children = (
				9BCDF7BE1B0EC6D900C71D8F /* Constants.h */,
				9BCDF7BF1B0EC6D900C71D8F /* Constants.m */,
			);
			name = Constants;
			sourceTree = "<group>";
		};
		9BCDF7C51B0FF25300C71D8F /* Labels and such */ = {
			isa = PBXGroup;
			children = (
				9BCDF7C61B0FF27600C71D8F /* ScoreNode.h */,
				9BCDF7C71B0FF27600C71D8F /* ScoreNode.m */,
			);
			name = "Labels and such";
			sourceTree = "<group>";
		};
		9BCDF7CC1B11184500C71D8F /* Utilities */ = {
			isa = PBXGroup;
			children = (
				9BCDF7C11B0EDC9F00C71D8F /* Constants */,
				9BCDF7CD1B11186800C71D8F /* UserDefaults.h */,
				9BCDF7CE1B11186800C71D8F /* UserDefaults.m */,
			);
			name = Utilities;
			sourceTree = "<group>";
		};
		9BCDF7D01B1255AF00C71D8F /* Buttons */ = {
			isa = PBXGroup;
			children = (
				9BCDF7D11B1255C900C71D8F /* SlingButton.h */,
				9BCDF7D21B1255C900C71D8F /* SlingButton.m */,
			);
			name = Buttons;
			sourceTree = "<group>";
		};
		9BF39F771B3496CB00E26DCA /* GameCenterManager */ = {
			isa = PBXGroup;
			children = (
				9BF39F751B3488B800E26DCA /* GameKit.framework */,
				9BF39F781B3496FE00E26DCA /* GameCenterManager.h */,
				9BF39F791B3496FE00E26DCA /* GameCenterManager.m */,
			);
			name = GameCenterManager;
			path = ..;
			sourceTree = "<group>";
		};
		9BF39F7B1B34BD3200E26DCA /* Resources */ = {
			isa = PBXGroup;
			children = (
				9BCDF78A1B0E691500C71D8F /* AppDelegate.h */,
				9BCDF78B1B0E691500C71D8F /* AppDelegate.m */,
				9BCDF7951B0E691500C71D8F /* Main.storyboard */,
				9BCDF7981B0E691500C71D8F /* Images.xcassets */,
				9BCDF79A1B0E691500C71D8F /* LaunchScreen.xib */,
			);
			name = Resources;
			sourceTree = "<group>";
		};
		9BF39F7F1B3519BF00E26DCA /* GameViewController */ = {
			isa = PBXGroup;
			children = (
				9BCDF7921B0E691500C71D8F /* GameViewController.h */,
				9BCDF7931B0E691500C71D8F /* GameViewController.m */,
			);
			name = GameViewController;
			sourceTree = "<group>";
		};
		9BF39F801B3519CF00E26DCA /* GameOverVC */ = {
			isa = PBXGroup;
			children = (
				9BCDF7C91B10ED4100C71D8F /* GameOverViewController.h */,
				9BCDF7CA1B10ED4100C71D8F /* GameOverViewController.m */,
			);
			name = GameOverVC;
			sourceTree = "<group>";
		};
		9BF39F811B3519DE00E26DCA /* IntroVC */ = {
			isa = PBXGroup;
			children = (
				9BDA30051B17886C0039C8E7 /* IntroViewController.h */,
				9BDA30061B17886C0039C8E7 /* IntroViewController.m */,
			);
			name = IntroVC;
			sourceTree = "<group>";
		};
		9BF39F821B3519F400E26DCA /* LeaderBoard */ = {
			isa = PBXGroup;
			children = (
				9BF39F861B352C2300E26DCA /* LeaderBoardVC */,
				9BF39F871B352C3300E26DCA /* LeaderBoardCell */,
			);
			name = LeaderBoard;
			sourceTree = "<group>";
		};
		9BF39F861B352C2300E26DCA /* LeaderBoardVC */ = {
			isa = PBXGroup;
			children = (
				9BF39F7C1B350D9700E26DCA /* LeaderBoardViewController.h */,
				9BF39F7D1B350D9700E26DCA /* LeaderBoardViewController.m */,
			);
			name = LeaderBoardVC;
			sourceTree = "<group>";
		};
		9BF39F871B352C3300E26DCA /* LeaderBoardCell */ = {
			isa = PBXGroup;
			children = (
				9BF39F831B352B1900E26DCA /* LeaderBoardTableViewCell.h */,
				9BF39F841B352B1900E26DCA /* LeaderBoardTableViewCell.m */,
			);
			name = LeaderBoardCell;
			sourceTree = "<group>";
		};
/* End PBXGroup section */

/* Begin PBXNativeTarget section */
		9BCDF7821B0E691500C71D8F /* SlingShotter */ = {
			isa = PBXNativeTarget;
			buildConfigurationList = 9BCDF7AB1B0E691500C71D8F /* Build configuration list for PBXNativeTarget "SlingShotter" */;
			buildPhases = (
				9BCDF77F1B0E691500C71D8F /* Sources */,
				9BCDF7801B0E691500C71D8F /* Frameworks */,
				9BCDF7811B0E691500C71D8F /* Resources */,
			);
			buildRules = (
			);
			dependencies = (
			);
			name = SlingShotter;
			productName = SlingShotter;
			productReference = 9BCDF7831B0E691500C71D8F /* SlingShotter.app */;
			productType = "com.apple.product-type.application";
		};
		9BCDF7A01B0E691500C71D8F /* SlingShotterTests */ = {
			isa = PBXNativeTarget;
			buildConfigurationList = 9BCDF7AE1B0E691500C71D8F /* Build configuration list for PBXNativeTarget "SlingShotterTests" */;
			buildPhases = (
				9BCDF79D1B0E691500C71D8F /* Sources */,
				9BCDF79E1B0E691500C71D8F /* Frameworks */,
				9BCDF79F1B0E691500C71D8F /* Resources */,
			);
			buildRules = (
			);
			dependencies = (
				9BCDF7A31B0E691500C71D8F /* PBXTargetDependency */,
			);
			name = SlingShotterTests;
			productName = SlingShotterTests;
			productReference = 9BCDF7A11B0E691500C71D8F /* SlingShotterTests.xctest */;
			productType = "com.apple.product-type.bundle.unit-test";
		};
/* End PBXNativeTarget section */

/* Begin PBXProject section */
		9BCDF77B1B0E691500C71D8F /* Project object */ = {
			isa = PBXProject;
			attributes = {
				LastUpgradeCheck = 0630;
				ORGANIZATIONNAME = MobileMakers;
				TargetAttributes = {
					9BCDF7821B0E691500C71D8F = {
						CreatedOnToolsVersion = 6.3.1;
						DevelopmentTeam = S38456XTSR;
						SystemCapabilities = {
							com.apple.GameCenter = {
								enabled = 1;
							};
						};
					};
					9BCDF7A01B0E691500C71D8F = {
						CreatedOnToolsVersion = 6.3.1;
						DevelopmentTeam = S38456XTSR;
						TestTargetID = 9BCDF7821B0E691500C71D8F;
					};
				};
			};
			buildConfigurationList = 9BCDF77E1B0E691500C71D8F /* Build configuration list for PBXProject "SlingShotter" */;
			compatibilityVersion = "Xcode 3.2";
			developmentRegion = English;
			hasScannedForEncodings = 0;
			knownRegions = (
				en,
				Base,
			);
			mainGroup = 9BCDF77A1B0E691500C71D8F;
			productRefGroup = 9BCDF7841B0E691500C71D8F /* Products */;
			projectDirPath = "";
			projectRoot = "";
			targets = (
				9BCDF7821B0E691500C71D8F /* SlingShotter */,
				9BCDF7A01B0E691500C71D8F /* SlingShotterTests */,
			);
		};
/* End PBXProject section */

/* Begin PBXResourcesBuildPhase section */
		9BCDF7811B0E691500C71D8F /* Resources */ = {
			isa = PBXResourcesBuildPhase;
			buildActionMask = 2147483647;
			files = (
				9BCDF79C1B0E691500C71D8F /* LaunchScreen.xib in Resources */,
				9BCDF7991B0E691500C71D8F /* Images.xcassets in Resources */,
				9BCDF7971B0E691500C71D8F /* Main.storyboard in Resources */,
			);
			runOnlyForDeploymentPostprocessing = 0;
		};
		9BCDF79F1B0E691500C71D8F /* Resources */ = {
			isa = PBXResourcesBuildPhase;
			buildActionMask = 2147483647;
			files = (
			);
			runOnlyForDeploymentPostprocessing = 0;
		};
/* End PBXResourcesBuildPhase section */

/* Begin PBXSourcesBuildPhase section */
		9BCDF77F1B0E691500C71D8F /* Sources */ = {
			isa = PBXSourcesBuildPhase;
			buildActionMask = 2147483647;
			files = (
				9BCDF7CB1B10ED4100C71D8F /* GameOverViewController.m in Sources */,
				9BCDF7941B0E691500C71D8F /* GameViewController.m in Sources */,
				9BCDF7B31B0E7D0400C71D8F /* BadGuy.m in Sources */,
				9BF39F851B352B1900E26DCA /* LeaderBoardTableViewCell.m in Sources */,
				9BCDF7BC1B0E8A8100C71D8F /* Pebble.m in Sources */,
				9BCDF7CF1B11186800C71D8F /* UserDefaults.m in Sources */,
				9BCDF7D31B1255C900C71D8F /* SlingButton.m in Sources */,
				9BCDF7C41B0EDCBC00C71D8F /* CollisionManager.m in Sources */,
				9BCDF78C1B0E691500C71D8F /* AppDelegate.m in Sources */,
				9BCDF7C01B0EC6D900C71D8F /* Constants.m in Sources */,
				9BCDF7C81B0FF27600C71D8F /* ScoreNode.m in Sources */,
				9BF39F7E1B350D9700E26DCA /* LeaderBoardViewController.m in Sources */,
				9BCDF78F1B0E691500C71D8F /* GameScene.m in Sources */,
				9BF39F7A1B3496FE00E26DCA /* GameCenterManager.m in Sources */,
				9BCDF7891B0E691500C71D8F /* main.m in Sources */,
				9BCDF7B91B0E7D9900C71D8F /* SlingShot.m in Sources */,
				9BDA30071B17886C0039C8E7 /* IntroViewController.m in Sources */,
			);
			runOnlyForDeploymentPostprocessing = 0;
		};
		9BCDF79D1B0E691500C71D8F /* Sources */ = {
			isa = PBXSourcesBuildPhase;
			buildActionMask = 2147483647;
			files = (
				9BCDF7A81B0E691500C71D8F /* SlingShotterTests.m in Sources */,
			);
			runOnlyForDeploymentPostprocessing = 0;
		};
/* End PBXSourcesBuildPhase section */

/* Begin PBXTargetDependency section */
		9BCDF7A31B0E691500C71D8F /* PBXTargetDependency */ = {
			isa = PBXTargetDependency;
			target = 9BCDF7821B0E691500C71D8F /* SlingShotter */;
			targetProxy = 9BCDF7A21B0E691500C71D8F /* PBXContainerItemProxy */;
		};
/* End PBXTargetDependency section */

/* Begin PBXVariantGroup section */
		9BCDF7951B0E691500C71D8F /* Main.storyboard */ = {
			isa = PBXVariantGroup;
			children = (
				9BCDF7961B0E691500C71D8F /* Base */,
			);
			name = Main.storyboard;
			sourceTree = "<group>";
		};
		9BCDF79A1B0E691500C71D8F /* LaunchScreen.xib */ = {
			isa = PBXVariantGroup;
			children = (
				9BCDF79B1B0E691500C71D8F /* Base */,
			);
			name = LaunchScreen.xib;
			sourceTree = "<group>";
		};
/* End PBXVariantGroup section */

/* Begin XCBuildConfiguration section */
		9BCDF7A91B0E691500C71D8F /* Debug */ = {
			isa = XCBuildConfiguration;
			buildSettings = {
				ALWAYS_SEARCH_USER_PATHS = NO;
				CLANG_CXX_LANGUAGE_STANDARD = "gnu++0x";
				CLANG_CXX_LIBRARY = "libc++";
				CLANG_ENABLE_MODULES = YES;
				CLANG_ENABLE_OBJC_ARC = YES;
				CLANG_WARN_BOOL_CONVERSION = YES;
				CLANG_WARN_CONSTANT_CONVERSION = YES;
				CLANG_WARN_DIRECT_OBJC_ISA_USAGE = YES_ERROR;
				CLANG_WARN_EMPTY_BODY = YES;
				CLANG_WARN_ENUM_CONVERSION = YES;
				CLANG_WARN_INT_CONVERSION = YES;
				CLANG_WARN_OBJC_ROOT_CLASS = YES_ERROR;
				CLANG_WARN_UNREACHABLE_CODE = YES;
				CLANG_WARN__DUPLICATE_METHOD_MATCH = YES;
				CODE_SIGN_IDENTITY = "iPhone Distribution";
				"CODE_SIGN_IDENTITY[sdk=iphoneos*]" = "iPhone Developer";
				COPY_PHASE_STRIP = NO;
				DEBUG_INFORMATION_FORMAT = "dwarf-with-dsym";
				ENABLE_STRICT_OBJC_MSGSEND = YES;
				GCC_C_LANGUAGE_STANDARD = gnu99;
				GCC_DYNAMIC_NO_PIC = NO;
				GCC_NO_COMMON_BLOCKS = YES;
				GCC_OPTIMIZATION_LEVEL = 0;
				GCC_PREPROCESSOR_DEFINITIONS = (
					"DEBUG=1",
					"$(inherited)",
				);
				GCC_SYMBOLS_PRIVATE_EXTERN = NO;
				GCC_WARN_64_TO_32_BIT_CONVERSION = YES;
				GCC_WARN_ABOUT_RETURN_TYPE = YES_ERROR;
				GCC_WARN_UNDECLARED_SELECTOR = YES;
				GCC_WARN_UNINITIALIZED_AUTOS = YES_AGGRESSIVE;
				GCC_WARN_UNUSED_FUNCTION = YES;
				GCC_WARN_UNUSED_VARIABLE = YES;
				IPHONEOS_DEPLOYMENT_TARGET = 8.3;
				MTL_ENABLE_DEBUG_INFO = YES;
				ONLY_ACTIVE_ARCH = YES;
				PROVISIONING_PROFILE = "b46f46ee-1e3b-4ddd-b19a-5256057b1ec4";
				SDKROOT = iphoneos;
				TARGETED_DEVICE_FAMILY = "1,2";
			};
			name = Debug;
		};
		9BCDF7AA1B0E691500C71D8F /* Release */ = {
			isa = XCBuildConfiguration;
			buildSettings = {
				ALWAYS_SEARCH_USER_PATHS = NO;
				CLANG_CXX_LANGUAGE_STANDARD = "gnu++0x";
				CLANG_CXX_LIBRARY = "libc++";
				CLANG_ENABLE_MODULES = YES;
				CLANG_ENABLE_OBJC_ARC = YES;
				CLANG_WARN_BOOL_CONVERSION = YES;
				CLANG_WARN_CONSTANT_CONVERSION = YES;
				CLANG_WARN_DIRECT_OBJC_ISA_USAGE = YES_ERROR;
				CLANG_WARN_EMPTY_BODY = YES;
				CLANG_WARN_ENUM_CONVERSION = YES;
				CLANG_WARN_INT_CONVERSION = YES;
				CLANG_WARN_OBJC_ROOT_CLASS = YES_ERROR;
				CLANG_WARN_UNREACHABLE_CODE = YES;
				CLANG_WARN__DUPLICATE_METHOD_MATCH = YES;
				CODE_SIGN_IDENTITY = "iPhone Distribution";
				"CODE_SIGN_IDENTITY[sdk=iphoneos*]" = "iPhone Developer";
				COPY_PHASE_STRIP = NO;
				DEBUG_INFORMATION_FORMAT = "dwarf-with-dsym";
				ENABLE_NS_ASSERTIONS = NO;
				ENABLE_STRICT_OBJC_MSGSEND = YES;
				GCC_C_LANGUAGE_STANDARD = gnu99;
				GCC_NO_COMMON_BLOCKS = YES;
				GCC_WARN_64_TO_32_BIT_CONVERSION = YES;
				GCC_WARN_ABOUT_RETURN_TYPE = YES_ERROR;
				GCC_WARN_UNDECLARED_SELECTOR = YES;
				GCC_WARN_UNINITIALIZED_AUTOS = YES_AGGRESSIVE;
				GCC_WARN_UNUSED_FUNCTION = YES;
				GCC_WARN_UNUSED_VARIABLE = YES;
				IPHONEOS_DEPLOYMENT_TARGET = 8.3;
				MTL_ENABLE_DEBUG_INFO = NO;
				PROVISIONING_PROFILE = "b46f46ee-1e3b-4ddd-b19a-5256057b1ec4";
				SDKROOT = iphoneos;
				TARGETED_DEVICE_FAMILY = "1,2";
				VALIDATE_PRODUCT = YES;
			};
			name = Release;
		};
		9BCDF7AC1B0E691500C71D8F /* Debug */ = {
			isa = XCBuildConfiguration;
			buildSettings = {
				ASSETCATALOG_COMPILER_APPICON_NAME = AppIcon;
				CODE_SIGN_IDENTITY = "iPhone Developer";
				"CODE_SIGN_IDENTITY[sdk=iphoneos*]" = "iPhone Developer";
				INFOPLIST_FILE = SlingShotter/Info.plist;
				LD_RUNPATH_SEARCH_PATHS = "$(inherited) @executable_path/Frameworks";
				PRODUCT_NAME = "$(TARGET_NAME)";
				PROVISIONING_PROFILE = "";
			};
			name = Debug;
		};
		9BCDF7AD1B0E691500C71D8F /* Release */ = {
			isa = XCBuildConfiguration;
			buildSettings = {
				ASSETCATALOG_COMPILER_APPICON_NAME = AppIcon;
				CODE_SIGN_IDENTITY = "iPhone Developer";
				"CODE_SIGN_IDENTITY[sdk=iphoneos*]" = "iPhone Developer";
				INFOPLIST_FILE = SlingShotter/Info.plist;
				LD_RUNPATH_SEARCH_PATHS = "$(inherited) @executable_path/Frameworks";
				PRODUCT_NAME = "$(TARGET_NAME)";
				PROVISIONING_PROFILE = "";
			};
			name = Release;
		};
		9BCDF7AF1B0E691500C71D8F /* Debug */ = {
			isa = XCBuildConfiguration;
			buildSettings = {
				BUNDLE_LOADER = "$(TEST_HOST)";
				CODE_SIGN_IDENTITY = "iPhone Developer";
				"CODE_SIGN_IDENTITY[sdk=iphoneos*]" = "iPhone Developer";
				FRAMEWORK_SEARCH_PATHS = (
					"$(SDKROOT)/Developer/Library/Frameworks",
					"$(inherited)",
				);
				GCC_PREPROCESSOR_DEFINITIONS = (
					"DEBUG=1",
					"$(inherited)",
				);
				INFOPLIST_FILE = SlingShotterTests/Info.plist;
				LD_RUNPATH_SEARCH_PATHS = "$(inherited) @executable_path/Frameworks @loader_path/Frameworks";
				PRODUCT_NAME = "$(TARGET_NAME)";
				PROVISIONING_PROFILE = "";
				TEST_HOST = "$(BUILT_PRODUCTS_DIR)/SlingShotter.app/SlingShotter";
			};
			name = Debug;
		};
		9BCDF7B01B0E691500C71D8F /* Release */ = {
			isa = XCBuildConfiguration;
			buildSettings = {
				BUNDLE_LOADER = "$(TEST_HOST)";
				CODE_SIGN_IDENTITY = "iPhone Developer";
				"CODE_SIGN_IDENTITY[sdk=iphoneos*]" = "iPhone Developer";
				FRAMEWORK_SEARCH_PATHS = (
					"$(SDKROOT)/Developer/Library/Frameworks",
					"$(inherited)",
				);
				INFOPLIST_FILE = SlingShotterTests/Info.plist;
				LD_RUNPATH_SEARCH_PATHS = "$(inherited) @executable_path/Frameworks @loader_path/Frameworks";
				PRODUCT_NAME = "$(TARGET_NAME)";
				PROVISIONING_PROFILE = "";
				TEST_HOST = "$(BUILT_PRODUCTS_DIR)/SlingShotter.app/SlingShotter";
			};
			name = Release;
		};
/* End XCBuildConfiguration section */

/* Begin XCConfigurationList section */
		9BCDF77E1B0E691500C71D8F /* Build configuration list for PBXProject "SlingShotter" */ = {
			isa = XCConfigurationList;
			buildConfigurations = (
				9BCDF7A91B0E691500C71D8F /* Debug */,
				9BCDF7AA1B0E691500C71D8F /* Release */,
			);
			defaultConfigurationIsVisible = 0;
			defaultConfigurationName = Release;
		};
		9BCDF7AB1B0E691500C71D8F /* Build configuration list for PBXNativeTarget "SlingShotter" */ = {
			isa = XCConfigurationList;
			buildConfigurations = (
				9BCDF7AC1B0E691500C71D8F /* Debug */,
				9BCDF7AD1B0E691500C71D8F /* Release */,
			);
			defaultConfigurationIsVisible = 0;
			defaultConfigurationName = Release;
		};
		9BCDF7AE1B0E691500C71D8F /* Build configuration list for PBXNativeTarget "SlingShotterTests" */ = {
			isa = XCConfigurationList;
			buildConfigurations = (
				9BCDF7AF1B0E691500C71D8F /* Debug */,
				9BCDF7B01B0E691500C71D8F /* Release */,
			);
			defaultConfigurationIsVisible = 0;
			defaultConfigurationName = Release;
		};
/* End XCConfigurationList section */
	};
	rootObject = 9BCDF77B1B0E691500C71D8F /* Project object */;
}
